
Microsoft Visual Studio Solution File, Format Version 12.00
# Visual Studio Version 16
VisualStudioVersion = 16.0.33927.289
MinimumVisualStudioVersion = 10.0.40219.1
Project("{FAE04EC0-301F-11D3-BF4B-00C04F79EFBC}") = "MercadoSA", "MercadoSA\MercadoSA.csproj", "{0AB440A8-5CEA-4740-9537-0D769C5CD627}"
EndProject
Global
	GlobalSection(SolutionConfigurationPlatforms) = preSolution
		Debug|Any CPU = Debug|Any CPU
		Release|Any CPU = Release|Any CPU
	EndGlobalSection
	GlobalSection(ProjectConfigurationPlatforms) = postSolution
		{0AB440A8-5CEA-4740-9537-0D769C5CD627}.Debug|Any CPU.ActiveCfg = Debug|Any CPU
		{0AB440A8-5CEA-4740-9537-0D769C5CD627}.Debug|Any CPU.Build.0 = Debug|Any CPU
		{0AB440A8-5CEA-4740-9537-0D769C5CD627}.Release|Any CPU.ActiveCfg = Release|Any CPU
		{0AB440A8-5CEA-4740-9537-0D769C5CD627}.Release|Any CPU.Build.0 = Release|Any CPU
	EndGlobalSection
	GlobalSection(SolutionProperties) = preSolution
		HideSolutionNode = FALSE
	EndGlobalSection
	GlobalSection(ExtensibilityGlobals) = postSolution
		SolutionGuid = {8DBC75DD-160C-4B3F-84B2-33390BA22488}
	EndGlobalSection
EndGlobal
